
Microsoft Visual Studio Solution File, Format Version 11.00
# Visual C# Express 2010
Project("{FAE04EC0-301F-11D3-BF4B-00C04F79EFBC}") = "pong", "pong\pong\pong.csproj", "{B69ED948-633C-4E1F-BA5E-72616651C33B}"
EndProject
Project("{96E2B04D-8817-42C6-938A-82C39BA4D311}") = "pongContent", "pong\pongContent\pongContent.contentproj", "{DEDAD000-79A7-4D4A-B1C0-D3900375B372}"
EndProject
Global
	GlobalSection(SolutionConfigurationPlatforms) = preSolution
		Debug|x86 = Debug|x86
		Release|x86 = Release|x86
	EndGlobalSection
	GlobalSection(ProjectConfigurationPlatforms) = postSolution
		{B69ED948-633C-4E1F-BA5E-72616651C33B}.Debug|x86.ActiveCfg = Debug|x86
		{B69ED948-633C-4E1F-BA5E-72616651C33B}.Debug|x86.Build.0 = Debug|x86
		{B69ED948-633C-4E1F-BA5E-72616651C33B}.Release|x86.ActiveCfg = Release|x86
		{B69ED948-633C-4E1F-BA5E-72616651C33B}.Release|x86.Build.0 = Release|x86
		{DEDAD000-79A7-4D4A-B1C0-D3900375B372}.Debug|x86.ActiveCfg = Debug|x86
		{DEDAD000-79A7-4D4A-B1C0-D3900375B372}.Release|x86.ActiveCfg = Release|x86
	EndGlobalSection
	GlobalSection(SolutionProperties) = preSolution
		HideSolutionNode = FALSE
	EndGlobalSection
EndGlobal
